
Microsoft Visual Studio Solution File, Format Version 12.00
# Visual Studio Version 17
VisualStudioVersion = 17.3.32825.248
MinimumVisualStudioVersion = 10.0.40219.1
Project("{FAE04EC0-301F-11D3-BF4B-00C04F79EFBC}") = "Plugin", "ClassLibrary1\Plugin.csproj", "{72C55930-E324-4F63-86C5-3F33BD92D628}"
EndProject
Project("{FAE04EC0-301F-11D3-BF4B-00C04F79EFBC}") = "Task2", "Task2\Task2.csproj", "{CE647E90-B99A-462B-936E-2AE7DD098025}"
EndProject
Global
	GlobalSection(SolutionConfigurationPlatforms) = preSolution
		Debug|Any CPU = Debug|Any CPU
		Release|Any CPU = Release|Any CPU
	EndGlobalSection
	GlobalSection(ProjectConfigurationPlatforms) = postSolution
		{72C55930-E324-4F63-86C5-3F33BD92D628}.Debug|Any CPU.ActiveCfg = Debug|Any CPU
		{72C55930-E324-4F63-86C5-3F33BD92D628}.Debug|Any CPU.Build.0 = Debug|Any CPU
		{72C55930-E324-4F63-86C5-3F33BD92D628}.Release|Any CPU.ActiveCfg = Release|Any CPU
		{72C55930-E324-4F63-86C5-3F33BD92D628}.Release|Any CPU.Build.0 = Release|Any CPU
		{CE647E90-B99A-462B-936E-2AE7DD098025}.Debug|Any CPU.ActiveCfg = Debug|Any CPU
		{CE647E90-B99A-462B-936E-2AE7DD098025}.Debug|Any CPU.Build.0 = Debug|Any CPU
		{CE647E90-B99A-462B-936E-2AE7DD098025}.Release|Any CPU.ActiveCfg = Release|Any CPU
		{CE647E90-B99A-462B-936E-2AE7DD098025}.Release|Any CPU.Build.0 = Release|Any CPU
	EndGlobalSection
	GlobalSection(SolutionProperties) = preSolution
		HideSolutionNode = FALSE
	EndGlobalSection
	GlobalSection(ExtensibilityGlobals) = postSolution
		SolutionGuid = {6BA8EA72-EB5C-4EA4-9265-844A2684EC77}
	EndGlobalSection
EndGlobal
